// !$*UTF8*$!
{
	archiveVersion = 1;
	classes = {
	};
	objectVersion = 56;
	objects = {

/* Begin PBXBuildFile section */
		1C23B00B2B7EB0D2003E6FD3 /* DataModel.swift in Sources */ = {isa = PBXBuildFile; fileRef = 1C23B00A2B7EB0D2003E6FD3 /* DataModel.swift */; };
		1C23B0102B84FF76003E6FD3 /* IconPickerViewController.swift in Sources */ = {isa = PBXBuildFile; fileRef = 1C23B00F2B84FF75003E6FD3 /* IconPickerViewController.swift */; };
		1C23B0122B86A6EA003E6FD3 /* Launch Screen.storyboard in Resources */ = {isa = PBXBuildFile; fileRef = 1C23B0112B86A6EA003E6FD3 /* Launch Screen.storyboard */; };
		1C47A19E2B20CB1800B639B2 /* AppDelegate.swift in Sources */ = {isa = PBXBuildFile; fileRef = 1C47A19D2B20CB1800B639B2 /* AppDelegate.swift */; };
		1C47A1A02B20CB1800B639B2 /* SceneDelegate.swift in Sources */ = {isa = PBXBuildFile; fileRef = 1C47A19F2B20CB1800B639B2 /* SceneDelegate.swift */; };
		1C47A1A22B20CB1800B639B2 /* ChecklistViewController.swift in Sources */ = {isa = PBXBuildFile; fileRef = 1C47A1A12B20CB1800B639B2 /* ChecklistViewController.swift */; };
		1C47A1A52B20CB1800B639B2 /* Main.storyboard in Resources */ = {isa = PBXBuildFile; fileRef = 1C47A1A32B20CB1800B639B2 /* Main.storyboard */; };
		1C47A1A72B20CB1B00B639B2 /* Assets.xcassets in Resources */ = {isa = PBXBuildFile; fileRef = 1C47A1A62B20CB1B00B639B2 /* Assets.xcassets */; };
		1CA704CA2B606A0800C6A905 /* ItemDetailViewController.swift in Sources */ = {isa = PBXBuildFile; fileRef = 1CA704C92B606A0800C6A905 /* ItemDetailViewController.swift */; };
		1CA704CC2B76C31600C6A905 /* AllListsViewController.swift in Sources */ = {isa = PBXBuildFile; fileRef = 1CA704CB2B76C31600C6A905 /* AllListsViewController.swift */; };
		1CA704CE2B76E15200C6A905 /* Checklist.swift in Sources */ = {isa = PBXBuildFile; fileRef = 1CA704CD2B76E15200C6A905 /* Checklist.swift */; };
		1CA704D02B7AB8D500C6A905 /* ListDetailViewController.swift in Sources */ = {isa = PBXBuildFile; fileRef = 1CA704CF2B7AB8D500C6A905 /* ListDetailViewController.swift */; };
		1CF7CDD82B56F3D30045C540 /* ChecklistItem.swift in Sources */ = {isa = PBXBuildFile; fileRef = 1CF7CDD72B56F3D30045C540 /* ChecklistItem.swift */; };
/* End PBXBuildFile section */

/* Begin PBXFileReference section */
		1C23B00A2B7EB0D2003E6FD3 /* DataModel.swift */ = {isa = PBXFileReference; lastKnownFileType = sourcecode.swift; path = DataModel.swift; sourceTree = "<group>"; };
		1C23B00F2B84FF75003E6FD3 /* IconPickerViewController.swift */ = {isa = PBXFileReference; lastKnownFileType = sourcecode.swift; path = IconPickerViewController.swift; sourceTree = "<group>"; };
		1C23B0112B86A6EA003E6FD3 /* Launch Screen.storyboard */ = {isa = PBXFileReference; lastKnownFileType = file.storyboard; path = "Launch Screen.storyboard"; sourceTree = "<group>"; };
		1C47A19A2B20CB1800B639B2 /* Checklists.app */ = {isa = PBXFileReference; explicitFileType = wrapper.application; includeInIndex = 0; path = Checklists.app; sourceTree = BUILT_PRODUCTS_DIR; };
		1C47A19D2B20CB1800B639B2 /* AppDelegate.swift */ = {isa = PBXFileReference; lastKnownFileType = sourcecode.swift; path = AppDelegate.swift; sourceTree = "<group>"; };
		1C47A19F2B20CB1800B639B2 /* SceneDelegate.swift */ = {isa = PBXFileReference; lastKnownFileType = sourcecode.swift; path = SceneDelegate.swift; sourceTree = "<group>"; };
		1C47A1A12B20CB1800B639B2 /* ChecklistViewController.swift */ = {isa = PBXFileReference; lastKnownFileType = sourcecode.swift; path = ChecklistViewController.swift; sourceTree = "<group>"; };
		1C47A1A42B20CB1800B639B2 /* Base */ = {isa = PBXFileReference; lastKnownFileType = file.storyboard; name = Base; path = Base.lproj/Main.storyboard; sourceTree = "<group>"; };
		1C47A1A62B20CB1B00B639B2 /* Assets.xcassets */ = {isa = PBXFileReference; lastKnownFileType = folder.assetcatalog; path = Assets.xcassets; sourceTree = "<group>"; };
		1C47A1AB2B20CB1B00B639B2 /* Info.plist */ = {isa = PBXFileReference; lastKnownFileType = text.plist.xml; path = Info.plist; sourceTree = "<group>"; };
		1CA704C92B606A0800C6A905 /* ItemDetailViewController.swift */ = {isa = PBXFileReference; lastKnownFileType = sourcecode.swift; path = ItemDetailViewController.swift; sourceTree = "<group>"; };
		1CA704CB2B76C31600C6A905 /* AllListsViewController.swift */ = {isa = PBXFileReference; lastKnownFileType = sourcecode.swift; path = AllListsViewController.swift; sourceTree = "<group>"; };
		1CA704CD2B76E15200C6A905 /* Checklist.swift */ = {isa = PBXFileReference; lastKnownFileType = sourcecode.swift; path = Checklist.swift; sourceTree = "<group>"; };
		1CA704CF2B7AB8D500C6A905 /* ListDetailViewController.swift */ = {isa = PBXFileReference; lastKnownFileType = sourcecode.swift; path = ListDetailViewController.swift; sourceTree = "<group>"; };
		1CF7CDD72B56F3D30045C540 /* ChecklistItem.swift */ = {isa = PBXFileReference; lastKnownFileType = sourcecode.swift; path = ChecklistItem.swift; sourceTree = "<group>"; };
/* End PBXFileReference section */

/* Begin PBXFrameworksBuildPhase section */
		1C47A1972B20CB1800B639B2 /* Frameworks */ = {
			isa = PBXFrameworksBuildPhase;
			buildActionMask = 2147483647;
			files = (
			);
			runOnlyForDeploymentPostprocessing = 0;
		};
/* End PBXFrameworksBuildPhase section */

/* Begin PBXGroup section */
		1C23B00C2B8170C3003E6FD3 /* Data Models */ = {
			isa = PBXGroup;
			children = (
				1CA704CD2B76E15200C6A905 /* Checklist.swift */,
				1CF7CDD72B56F3D30045C540 /* ChecklistItem.swift */,
				1C23B00A2B7EB0D2003E6FD3 /* DataModel.swift */,
			);
			path = "Data Models";
			sourceTree = "<group>";
		};
		1C23B00D2B81710C003E6FD3 /* View Controllers */ = {
			isa = PBXGroup;
			children = (
				1CA704CB2B76C31600C6A905 /* AllListsViewController.swift */,
				1C47A1A12B20CB1800B639B2 /* ChecklistViewController.swift */,
				1C23B00F2B84FF75003E6FD3 /* IconPickerViewController.swift */,
				1CA704C92B606A0800C6A905 /* ItemDetailViewController.swift */,
				1CA704CF2B7AB8D500C6A905 /* ListDetailViewController.swift */,
			);
			path = "View Controllers";
			sourceTree = "<group>";
		};
		1C23B00E2B817170003E6FD3 /* Resources */ = {
			isa = PBXGroup;
			children = (
				1C47A1A62B20CB1B00B639B2 /* Assets.xcassets */,
				1C47A1A32B20CB1800B639B2 /* Main.storyboard */,
			);
			path = Resources;
			sourceTree = "<group>";
		};
		1C47A1912B20CB1800B639B2 = {
			isa = PBXGroup;
			children = (
				1C47A19C2B20CB1800B639B2 /* Checklists */,
				1C47A19B2B20CB1800B639B2 /* Products */,
			);
			sourceTree = "<group>";
		};
		1C47A19B2B20CB1800B639B2 /* Products */ = {
			isa = PBXGroup;
			children = (
				1C47A19A2B20CB1800B639B2 /* Checklists.app */,
			);
			name = Products;
			sourceTree = "<group>";
		};
		1C47A19C2B20CB1800B639B2 /* Checklists */ = {
			isa = PBXGroup;
			children = (
				1C47A19D2B20CB1800B639B2 /* AppDelegate.swift */,
				1C23B00C2B8170C3003E6FD3 /* Data Models */,
				1C47A1AB2B20CB1B00B639B2 /* Info.plist */,
				1C23B0112B86A6EA003E6FD3 /* Launch Screen.storyboard */,
				1C23B00E2B817170003E6FD3 /* Resources */,
				1C47A19F2B20CB1800B639B2 /* SceneDelegate.swift */,
				1C23B00D2B81710C003E6FD3 /* View Controllers */,
			);
			path = Checklists;
			sourceTree = "<group>";
		};
/* End PBXGroup section */

/* Begin PBXNativeTarget section */
		1C47A1992B20CB1800B639B2 /* Checklists */ = {
			isa = PBXNativeTarget;
			buildConfigurationList = 1C47A1AE2B20CB1B00B639B2 /* Build configuration list for PBXNativeTarget "Checklists" */;
			buildPhases = (
				1C47A1962B20CB1800B639B2 /* Sources */,
				1C47A1972B20CB1800B639B2 /* Frameworks */,
				1C47A1982B20CB1800B639B2 /* Resources */,
			);
			buildRules = (
			);
			dependencies = (
			);
			name = Checklists;
			productName = Checklists;
			productReference = 1C47A19A2B20CB1800B639B2 /* Checklists.app */;
			productType = "com.apple.product-type.application";
		};
/* End PBXNativeTarget section */

/* Begin PBXProject section */
		1C47A1922B20CB1800B639B2 /* Project object */ = {
			isa = PBXProject;
			attributes = {
				BuildIndependentTargetsInParallel = 1;
				LastSwiftUpdateCheck = 1430;
				LastUpgradeCheck = 1430;
				TargetAttributes = {
					1C47A1992B20CB1800B639B2 = {
						CreatedOnToolsVersion = 14.3.1;
					};
				};
			};
			buildConfigurationList = 1C47A1952B20CB1800B639B2 /* Build configuration list for PBXProject "Checklists" */;
			compatibilityVersion = "Xcode 14.0";
			developmentRegion = en;
			hasScannedForEncodings = 0;
			knownRegions = (
				en,
				Base,
			);
			mainGroup = 1C47A1912B20CB1800B639B2;
			productRefGroup = 1C47A19B2B20CB1800B639B2 /* Products */;
			projectDirPath = "";
			projectRoot = "";
			targets = (
				1C47A1992B20CB1800B639B2 /* Checklists */,
			);
		};
/* End PBXProject section */

/* Begin PBXResourcesBuildPhase section */
		1C47A1982B20CB1800B639B2 /* Resources */ = {
			isa = PBXResourcesBuildPhase;
			buildActionMask = 2147483647;
			files = (
				1C23B0122B86A6EA003E6FD3 /* Launch Screen.storyboard in Resources */,
				1C47A1A72B20CB1B00B639B2 /* Assets.xcassets in Resources */,
				1C47A1A52B20CB1800B639B2 /* Main.storyboard in Resources */,
			);
			runOnlyForDeploymentPostprocessing = 0;
		};
/* End PBXResourcesBuildPhase section */

/* Begin PBXSourcesBuildPhase section */
		1C47A1962B20CB1800B639B2 /* Sources */ = {
			isa = PBXSourcesBuildPhase;
			buildActionMask = 2147483647;
			files = (
				1CA704CA2B606A0800C6A905 /* ItemDetailViewController.swift in Sources */,
				1C47A1A22B20CB1800B639B2 /* ChecklistViewController.swift in Sources */,
				1CA704CC2B76C31600C6A905 /* AllListsViewController.swift in Sources */,
				1C23B0102B84FF76003E6FD3 /* IconPickerViewController.swift in Sources */,
				1C47A19E2B20CB1800B639B2 /* AppDelegate.swift in Sources */,
				1C47A1A02B20CB1800B639B2 /* SceneDelegate.swift in Sources */,
				1CF7CDD82B56F3D30045C540 /* ChecklistItem.swift in Sources */,
				1CA704CE2B76E15200C6A905 /* Checklist.swift in Sources */,
				1CA704D02B7AB8D500C6A905 /* ListDetailViewController.swift in Sources */,
				1C23B00B2B7EB0D2003E6FD3 /* DataModel.swift in Sources */,
			);
			runOnlyForDeploymentPostprocessing = 0;
		};
/* End PBXSourcesBuildPhase section */

/* Begin PBXVariantGroup section */
		1C47A1A32B20CB1800B639B2 /* Main.storyboard */ = {
			isa = PBXVariantGroup;
			children = (
				1C47A1A42B20CB1800B639B2 /* Base */,
			);
			name = Main.storyboard;
			sourceTree = "<group>";
		};
/* End PBXVariantGroup section */

/* Begin XCBuildConfiguration section */
		1C47A1AC2B20CB1B00B639B2 /* Debug */ = {
			isa = XCBuildConfiguration;
			buildSettings = {
				ALWAYS_SEARCH_USER_PATHS = NO;
				CLANG_ANALYZER_NONNULL = YES;
				CLANG_ANALYZER_NUMBER_OBJECT_CONVERSION = YES_AGGRESSIVE;
				CLANG_CXX_LANGUAGE_STANDARD = "gnu++20";
				CLANG_ENABLE_MODULES = YES;
				CLANG_ENABLE_OBJC_ARC = YES;
				CLANG_ENABLE_OBJC_WEAK = YES;
				CLANG_WARN_BLOCK_CAPTURE_AUTORELEASING = YES;
				CLANG_WARN_BOOL_CONVERSION = YES;
				CLANG_WARN_COMMA = YES;
				CLANG_WARN_CONSTANT_CONVERSION = YES;
				CLANG_WARN_DEPRECATED_OBJC_IMPLEMENTATIONS = YES;
				CLANG_WARN_DIRECT_OBJC_ISA_USAGE = YES_ERROR;
				CLANG_WARN_DOCUMENTATION_COMMENTS = YES;
				CLANG_WARN_EMPTY_BODY = YES;
				CLANG_WARN_ENUM_CONVERSION = YES;
				CLANG_WARN_INFINITE_RECURSION = YES;
				CLANG_WARN_INT_CONVERSION = YES;
				CLANG_WARN_NON_LITERAL_NULL_CONVERSION = YES;
				CLANG_WARN_OBJC_IMPLICIT_RETAIN_SELF = YES;
				CLANG_WARN_OBJC_LITERAL_CONVERSION = YES;
				CLANG_WARN_OBJC_ROOT_CLASS = YES_ERROR;
				CLANG_WARN_QUOTED_INCLUDE_IN_FRAMEWORK_HEADER = YES;
				CLANG_WARN_RANGE_LOOP_ANALYSIS = YES;
				CLANG_WARN_STRICT_PROTOTYPES = YES;
				CLANG_WARN_SUSPICIOUS_MOVE = YES;
				CLANG_WARN_UNGUARDED_AVAILABILITY = YES_AGGRESSIVE;
				CLANG_WARN_UNREACHABLE_CODE = YES;
				CLANG_WARN__DUPLICATE_METHOD_MATCH = YES;
				COPY_PHASE_STRIP = NO;
				DEBUG_INFORMATION_FORMAT = dwarf;
				ENABLE_STRICT_OBJC_MSGSEND = YES;
				ENABLE_TESTABILITY = YES;
				GCC_C_LANGUAGE_STANDARD = gnu11;
				GCC_DYNAMIC_NO_PIC = NO;
				GCC_NO_COMMON_BLOCKS = YES;
				GCC_OPTIMIZATION_LEVEL = 0;
				GCC_PREPROCESSOR_DEFINITIONS = (
					"DEBUG=1",
					"$(inherited)",
				);
				GCC_WARN_64_TO_32_BIT_CONVERSION = YES;
				GCC_WARN_ABOUT_RETURN_TYPE = YES_ERROR;
				GCC_WARN_UNDECLARED_SELECTOR = YES;
				GCC_WARN_UNINITIALIZED_AUTOS = YES_AGGRESSIVE;
				GCC_WARN_UNUSED_FUNCTION = YES;
				GCC_WARN_UNUSED_VARIABLE = YES;
				IPHONEOS_DEPLOYMENT_TARGET = 16.4;
				MTL_ENABLE_DEBUG_INFO = INCLUDE_SOURCE;
				MTL_FAST_MATH = YES;
				ONLY_ACTIVE_ARCH = YES;
				SDKROOT = iphoneos;
				SWIFT_ACTIVE_COMPILATION_CONDITIONS = DEBUG;
				SWIFT_OPTIMIZATION_LEVEL = "-Onone";
			};
			name = Debug;
		};
		1C47A1AD2B20CB1B00B639B2 /* Release */ = {
			isa = XCBuildConfiguration;
			buildSettings = {
				ALWAYS_SEARCH_USER_PATHS = NO;
				CLANG_ANALYZER_NONNULL = YES;
				CLANG_ANALYZER_NUMBER_OBJECT_CONVERSION = YES_AGGRESSIVE;
				CLANG_CXX_LANGUAGE_STANDARD = "gnu++20";
				CLANG_ENABLE_MODULES = YES;
				CLANG_ENABLE_OBJC_ARC = YES;
				CLANG_ENABLE_OBJC_WEAK = YES;
				CLANG_WARN_BLOCK_CAPTURE_AUTORELEASING = YES;
				CLANG_WARN_BOOL_CONVERSION = YES;
				CLANG_WARN_COMMA = YES;
				CLANG_WARN_CONSTANT_CONVERSION = YES;
				CLANG_WARN_DEPRECATED_OBJC_IMPLEMENTATIONS = YES;
				CLANG_WARN_DIRECT_OBJC_ISA_USAGE = YES_ERROR;
				CLANG_WARN_DOCUMENTATION_COMMENTS = YES;
				CLANG_WARN_EMPTY_BODY = YES;
				CLANG_WARN_ENUM_CONVERSION = YES;
				CLANG_WARN_INFINITE_RECURSION = YES;
				CLANG_WARN_INT_CONVERSION = YES;
				CLANG_WARN_NON_LITERAL_NULL_CONVERSION = YES;
				CLANG_WARN_OBJC_IMPLICIT_RETAIN_SELF = YES;
				CLANG_WARN_OBJC_LITERAL_CONVERSION = YES;
				CLANG_WARN_OBJC_ROOT_CLASS = YES_ERROR;
				CLANG_WARN_QUOTED_INCLUDE_IN_FRAMEWORK_HEADER = YES;
				CLANG_WARN_RANGE_LOOP_ANALYSIS = YES;
				CLANG_WARN_STRICT_PROTOTYPES = YES;
				CLANG_WARN_SUSPICIOUS_MOVE = YES;
				CLANG_WARN_UNGUARDED_AVAILABILITY = YES_AGGRESSIVE;
				CLANG_WARN_UNREACHABLE_CODE = YES;
				CLANG_WARN__DUPLICATE_METHOD_MATCH = YES;
				COPY_PHASE_STRIP = NO;
				DEBUG_INFORMATION_FORMAT = "dwarf-with-dsym";
				ENABLE_NS_ASSERTIONS = NO;
				ENABLE_STRICT_OBJC_MSGSEND = YES;
				GCC_C_LANGUAGE_STANDARD = gnu11;
				GCC_NO_COMMON_BLOCKS = YES;
				GCC_WARN_64_TO_32_BIT_CONVERSION = YES;
				GCC_WARN_ABOUT_RETURN_TYPE = YES_ERROR;
				GCC_WARN_UNDECLARED_SELECTOR = YES;
				GCC_WARN_UNINITIALIZED_AUTOS = YES_AGGRESSIVE;
				GCC_WARN_UNUSED_FUNCTION = YES;
				GCC_WARN_UNUSED_VARIABLE = YES;
				IPHONEOS_DEPLOYMENT_TARGET = 16.4;
				MTL_ENABLE_DEBUG_INFO = NO;
				MTL_FAST_MATH = YES;
				SDKROOT = iphoneos;
				SWIFT_COMPILATION_MODE = wholemodule;
				SWIFT_OPTIMIZATION_LEVEL = "-O";
				VALIDATE_PRODUCT = YES;
			};
			name = Release;
		};
		1C47A1AF2B20CB1B00B639B2 /* Debug */ = {
			isa = XCBuildConfiguration;
			buildSettings = {
				ASSETCATALOG_COMPILER_APPICON_NAME = AppIcon;
				ASSETCATALOG_COMPILER_GLOBAL_ACCENT_COLOR_NAME = AccentColor;
				CODE_SIGN_STYLE = Automatic;
				CURRENT_PROJECT_VERSION = 1;
				GENERATE_INFOPLIST_FILE = YES;
				INFOPLIST_FILE = Checklists/Info.plist;
				INFOPLIST_KEY_UIApplicationSupportsIndirectInputEvents = YES;
				INFOPLIST_KEY_UILaunchStoryboardName = Main.storyboard;
				INFOPLIST_KEY_UIMainStoryboardFile = Main;
				INFOPLIST_KEY_UISupportedInterfaceOrientations = UIInterfaceOrientationPortrait;
				IPHONEOS_DEPLOYMENT_TARGET = 15.0;
				LD_RUNPATH_SEARCH_PATHS = (
					"$(inherited)",
					"@executable_path/Frameworks",
				);
				MARKETING_VERSION = 1.0;
				PRODUCT_BUNDLE_IDENTIFIER = com.csilva.Checklists;
				PRODUCT_NAME = "$(TARGET_NAME)";
				SWIFT_EMIT_LOC_STRINGS = YES;
				SWIFT_VERSION = 5.0;
				TARGETED_DEVICE_FAMILY = "1,2";
			};
			name = Debug;
		};
		1C47A1B02B20CB1B00B639B2 /* Release */ = {
			isa = XCBuildConfiguration;
			buildSettings = {
				ASSETCATALOG_COMPILER_APPICON_NAME = AppIcon;
				ASSETCATALOG_COMPILER_GLOBAL_ACCENT_COLOR_NAME = AccentColor;
				CODE_SIGN_STYLE = Automatic;
				CURRENT_PROJECT_VERSION = 1;
				GENERATE_INFOPLIST_FILE = YES;
				INFOPLIST_FILE = Checklists/Info.plist;
				INFOPLIST_KEY_UIApplicationSupportsIndirectInputEvents = YES;
				INFOPLIST_KEY_UILaunchStoryboardName = Main.storyboard;
				INFOPLIST_KEY_UIMainStoryboardFile = Main;
				INFOPLIST_KEY_UISupportedInterfaceOrientations = UIInterfaceOrientationPortrait;
				IPHONEOS_DEPLOYMENT_TARGET = 15.0;
				LD_RUNPATH_SEARCH_PATHS = (
					"$(inherited)",
					"@executable_path/Frameworks",
				);
				MARKETING_VERSION = 1.0;
				PRODUCT_BUNDLE_IDENTIFIER = com.csilva.Checklists;
				PRODUCT_NAME = "$(TARGET_NAME)";
				SWIFT_EMIT_LOC_STRINGS = YES;
				SWIFT_VERSION = 5.0;
				TARGETED_DEVICE_FAMILY = "1,2";
			};
			name = Release;
		};
/* End XCBuildConfiguration section */

/* Begin XCConfigurationList section */
		1C47A1952B20CB1800B639B2 /* Build configuration list for PBXProject "Checklists" */ = {
			isa = XCConfigurationList;
			buildConfigurations = (
				1C47A1AC2B20CB1B00B639B2 /* Debug */,
				1C47A1AD2B20CB1B00B639B2 /* Release */,
			);
			defaultConfigurationIsVisible = 0;
			defaultConfigurationName = Release;
		};
		1C47A1AE2B20CB1B00B639B2 /* Build configuration list for PBXNativeTarget "Checklists" */ = {
			isa = XCConfigurationList;
			buildConfigurations = (
				1C47A1AF2B20CB1B00B639B2 /* Debug */,
				1C47A1B02B20CB1B00B639B2 /* Release */,
			);
			defaultConfigurationIsVisible = 0;
			defaultConfigurationName = Release;
		};
/* End XCConfigurationList section */
	};
	rootObject = 1C47A1922B20CB1800B639B2 /* Project object */;
}
